// !$*UTF8*$!
{
	archiveVersion = 1;
	classes = {
	};
	objectVersion = 46;
	objects = {

/* Begin PBXBuildFile section */
		2E5641AC1852F8D400B53E40 /* TopicListCell.m in Sources */ = {isa = PBXBuildFile; fileRef = 2E5641AB1852F8D400B53E40 /* TopicListCell.m */; };
		2E5C9E4F1844D646001EF173 /* Foundation.framework in Frameworks */ = {isa = PBXBuildFile; fileRef = 2E5C9E4E1844D646001EF173 /* Foundation.framework */; };
		2E5C9E511844D646001EF173 /* CoreGraphics.framework in Frameworks */ = {isa = PBXBuildFile; fileRef = 2E5C9E501844D646001EF173 /* CoreGraphics.framework */; };
		2E5C9E531844D646001EF173 /* UIKit.framework in Frameworks */ = {isa = PBXBuildFile; fileRef = 2E5C9E521844D646001EF173 /* UIKit.framework */; };
		2E5C9E591844D646001EF173 /* InfoPlist.strings in Resources */ = {isa = PBXBuildFile; fileRef = 2E5C9E571844D646001EF173 /* InfoPlist.strings */; };
		2E5C9E5B1844D646001EF173 /* main.m in Sources */ = {isa = PBXBuildFile; fileRef = 2E5C9E5A1844D646001EF173 /* main.m */; };
		2E5C9E5F1844D646001EF173 /* AppDelegate.m in Sources */ = {isa = PBXBuildFile; fileRef = 2E5C9E5E1844D646001EF173 /* AppDelegate.m */; };
		2E5C9E621844D646001EF173 /* Main_iPhone.storyboard in Resources */ = {isa = PBXBuildFile; fileRef = 2E5C9E601844D646001EF173 /* Main_iPhone.storyboard */; };
		2E5C9E651844D646001EF173 /* Main_iPad.storyboard in Resources */ = {isa = PBXBuildFile; fileRef = 2E5C9E631844D646001EF173 /* Main_iPad.storyboard */; };
		2E5C9E681844D646001EF173 /* ViewController.m in Sources */ = {isa = PBXBuildFile; fileRef = 2E5C9E671844D646001EF173 /* ViewController.m */; };
		2E5C9E6A1844D646001EF173 /* Images.xcassets in Resources */ = {isa = PBXBuildFile; fileRef = 2E5C9E691844D646001EF173 /* Images.xcassets */; };
		2E5C9E711844D646001EF173 /* XCTest.framework in Frameworks */ = {isa = PBXBuildFile; fileRef = 2E5C9E701844D646001EF173 /* XCTest.framework */; };
		2E5C9E721844D646001EF173 /* Foundation.framework in Frameworks */ = {isa = PBXBuildFile; fileRef = 2E5C9E4E1844D646001EF173 /* Foundation.framework */; };
		2E5C9E731844D646001EF173 /* UIKit.framework in Frameworks */ = {isa = PBXBuildFile; fileRef = 2E5C9E521844D646001EF173 /* UIKit.framework */; };
		2E5C9E7B1844D646001EF173 /* InfoPlist.strings in Resources */ = {isa = PBXBuildFile; fileRef = 2E5C9E791844D646001EF173 /* InfoPlist.strings */; };
		2E5C9E7D1844D646001EF173 /* iOSLearnTests.m in Sources */ = {isa = PBXBuildFile; fileRef = 2E5C9E7C1844D646001EF173 /* iOSLearnTests.m */; };
		2E8DC53D18530AE60069F16C /* TopicCollectionView.m in Sources */ = {isa = PBXBuildFile; fileRef = 2E8DC53C18530AE60069F16C /* TopicCollectionView.m */; };
		2ECAA71F1852326100921613 /* NSObject+SBJson.m in Sources */ = {isa = PBXBuildFile; fileRef = 2ECAA7071852326100921613 /* NSObject+SBJson.m */; };
		2ECAA7201852326100921613 /* SBJsonParser.m in Sources */ = {isa = PBXBuildFile; fileRef = 2ECAA70A1852326100921613 /* SBJsonParser.m */; };
		2ECAA7211852326100921613 /* SBJsonStreamParser.m in Sources */ = {isa = PBXBuildFile; fileRef = 2ECAA70C1852326100921613 /* SBJsonStreamParser.m */; };
		2ECAA7221852326100921613 /* SBJsonStreamParserAccumulator.m in Sources */ = {isa = PBXBuildFile; fileRef = 2ECAA70E1852326100921613 /* SBJsonStreamParserAccumulator.m */; };
		2ECAA7231852326100921613 /* SBJsonStreamParserAdapter.m in Sources */ = {isa = PBXBuildFile; fileRef = 2ECAA7101852326100921613 /* SBJsonStreamParserAdapter.m */; };
		2ECAA7241852326100921613 /* SBJsonStreamParserState.m in Sources */ = {isa = PBXBuildFile; fileRef = 2ECAA7121852326100921613 /* SBJsonStreamParserState.m */; };
		2ECAA7251852326100921613 /* SBJsonStreamWriter.m in Sources */ = {isa = PBXBuildFile; fileRef = 2ECAA7141852326100921613 /* SBJsonStreamWriter.m */; };
		2ECAA7261852326100921613 /* SBJsonStreamWriterAccumulator.m in Sources */ = {isa = PBXBuildFile; fileRef = 2ECAA7161852326100921613 /* SBJsonStreamWriterAccumulator.m */; };
		2ECAA7271852326100921613 /* SBJsonStreamWriterState.m in Sources */ = {isa = PBXBuildFile; fileRef = 2ECAA7181852326100921613 /* SBJsonStreamWriterState.m */; };
		2ECAA7281852326100921613 /* SBJsonTokeniser.m in Sources */ = {isa = PBXBuildFile; fileRef = 2ECAA71A1852326100921613 /* SBJsonTokeniser.m */; };
		2ECAA7291852326100921613 /* SBJsonUTF8Stream.m in Sources */ = {isa = PBXBuildFile; fileRef = 2ECAA71C1852326100921613 /* SBJsonUTF8Stream.m */; };
		2ECAA72A1852326100921613 /* SBJsonWriter.m in Sources */ = {isa = PBXBuildFile; fileRef = 2ECAA71E1852326100921613 /* SBJsonWriter.m */; };
		2ECAA72D18523E5500921613 /* PostileHttpHandler.m in Sources */ = {isa = PBXBuildFile; fileRef = 2ECAA72C18523E5500921613 /* PostileHttpHandler.m */; };
		2EFD9D7D1852C0B7000769B5 /* TopicListViewController.m in Sources */ = {isa = PBXBuildFile; fileRef = 2EFD9D7C1852C0B7000769B5 /* TopicListViewController.m */; };
		2EFD9D7F1852F7EC000769B5 /* TopicListCell.xib in Resources */ = {isa = PBXBuildFile; fileRef = 2EFD9D7E1852F7EC000769B5 /* TopicListCell.xib */; };
/* End PBXBuildFile section */

/* Begin PBXContainerItemProxy section */
		2E5C9E741844D646001EF173 /* PBXContainerItemProxy */ = {
			isa = PBXContainerItemProxy;
			containerPortal = 2E5C9E431844D646001EF173 /* Project object */;
			proxyType = 1;
			remoteGlobalIDString = 2E5C9E4A1844D646001EF173;
			remoteInfo = iOSLearn;
		};
/* End PBXContainerItemProxy section */

/* Begin PBXFileReference section */
		2E5641AA1852F8D400B53E40 /* TopicListCell.h */ = {isa = PBXFileReference; fileEncoding = 4; lastKnownFileType = sourcecode.c.h; path = TopicListCell.h; sourceTree = "<group>"; };
		2E5641AB1852F8D400B53E40 /* TopicListCell.m */ = {isa = PBXFileReference; fileEncoding = 4; lastKnownFileType = sourcecode.c.objc; path = TopicListCell.m; sourceTree = "<group>"; };
		2E5C9E4B1844D646001EF173 /* iOSLearn.app */ = {isa = PBXFileReference; explicitFileType = wrapper.application; includeInIndex = 0; path = iOSLearn.app; sourceTree = BUILT_PRODUCTS_DIR; };
		2E5C9E4E1844D646001EF173 /* Foundation.framework */ = {isa = PBXFileReference; lastKnownFileType = wrapper.framework; name = Foundation.framework; path = System/Library/Frameworks/Foundation.framework; sourceTree = SDKROOT; };
		2E5C9E501844D646001EF173 /* CoreGraphics.framework */ = {isa = PBXFileReference; lastKnownFileType = wrapper.framework; name = CoreGraphics.framework; path = System/Library/Frameworks/CoreGraphics.framework; sourceTree = SDKROOT; };
		2E5C9E521844D646001EF173 /* UIKit.framework */ = {isa = PBXFileReference; lastKnownFileType = wrapper.framework; name = UIKit.framework; path = System/Library/Frameworks/UIKit.framework; sourceTree = SDKROOT; };
		2E5C9E561844D646001EF173 /* iOSLearn-Info.plist */ = {isa = PBXFileReference; lastKnownFileType = text.plist.xml; path = "iOSLearn-Info.plist"; sourceTree = "<group>"; };
		2E5C9E581844D646001EF173 /* en */ = {isa = PBXFileReference; lastKnownFileType = text.plist.strings; name = en; path = en.lproj/InfoPlist.strings; sourceTree = "<group>"; };
		2E5C9E5A1844D646001EF173 /* main.m */ = {isa = PBXFileReference; lastKnownFileType = sourcecode.c.objc; path = main.m; sourceTree = "<group>"; };
		2E5C9E5C1844D646001EF173 /* iOSLearn-Prefix.pch */ = {isa = PBXFileReference; lastKnownFileType = sourcecode.c.h; path = "iOSLearn-Prefix.pch"; sourceTree = "<group>"; };
		2E5C9E5D1844D646001EF173 /* AppDelegate.h */ = {isa = PBXFileReference; lastKnownFileType = sourcecode.c.h; path = AppDelegate.h; sourceTree = "<group>"; };
		2E5C9E5E1844D646001EF173 /* AppDelegate.m */ = {isa = PBXFileReference; lastKnownFileType = sourcecode.c.objc; path = AppDelegate.m; sourceTree = "<group>"; };
		2E5C9E611844D646001EF173 /* Base */ = {isa = PBXFileReference; lastKnownFileType = file.storyboard; name = Base; path = Base.lproj/Main_iPhone.storyboard; sourceTree = "<group>"; };
		2E5C9E641844D646001EF173 /* Base */ = {isa = PBXFileReference; lastKnownFileType = file.storyboard; name = Base; path = Base.lproj/Main_iPad.storyboard; sourceTree = "<group>"; };
		2E5C9E661844D646001EF173 /* ViewController.h */ = {isa = PBXFileReference; lastKnownFileType = sourcecode.c.h; path = ViewController.h; sourceTree = "<group>"; };
		2E5C9E671844D646001EF173 /* ViewController.m */ = {isa = PBXFileReference; lastKnownFileType = sourcecode.c.objc; path = ViewController.m; sourceTree = "<group>"; };
		2E5C9E691844D646001EF173 /* Images.xcassets */ = {isa = PBXFileReference; lastKnownFileType = folder.assetcatalog; path = Images.xcassets; sourceTree = "<group>"; };
		2E5C9E6F1844D646001EF173 /* iOSLearnTests.xctest */ = {isa = PBXFileReference; explicitFileType = wrapper.cfbundle; includeInIndex = 0; path = iOSLearnTests.xctest; sourceTree = BUILT_PRODUCTS_DIR; };
		2E5C9E701844D646001EF173 /* XCTest.framework */ = {isa = PBXFileReference; lastKnownFileType = wrapper.framework; name = XCTest.framework; path = Library/Frameworks/XCTest.framework; sourceTree = DEVELOPER_DIR; };
		2E5C9E781844D646001EF173 /* iOSLearnTests-Info.plist */ = {isa = PBXFileReference; lastKnownFileType = text.plist.xml; path = "iOSLearnTests-Info.plist"; sourceTree = "<group>"; };
		2E5C9E7A1844D646001EF173 /* en */ = {isa = PBXFileReference; lastKnownFileType = text.plist.strings; name = en; path = en.lproj/InfoPlist.strings; sourceTree = "<group>"; };
		2E5C9E7C1844D646001EF173 /* iOSLearnTests.m */ = {isa = PBXFileReference; lastKnownFileType = sourcecode.c.objc; path = iOSLearnTests.m; sourceTree = "<group>"; };
		2E8DC53B18530AE60069F16C /* TopicCollectionView.h */ = {isa = PBXFileReference; fileEncoding = 4; lastKnownFileType = sourcecode.c.h; path = TopicCollectionView.h; sourceTree = "<group>"; };
		2E8DC53C18530AE60069F16C /* TopicCollectionView.m */ = {isa = PBXFileReference; fileEncoding = 4; lastKnownFileType = sourcecode.c.objc; path = TopicCollectionView.m; sourceTree = "<group>"; };
		2ECAA7061852326100921613 /* NSObject+SBJson.h */ = {isa = PBXFileReference; fileEncoding = 4; lastKnownFileType = sourcecode.c.h; path = "NSObject+SBJson.h"; sourceTree = "<group>"; };
		2ECAA7071852326100921613 /* NSObject+SBJson.m */ = {isa = PBXFileReference; fileEncoding = 4; lastKnownFileType = sourcecode.c.objc; path = "NSObject+SBJson.m"; sourceTree = "<group>"; };
		2ECAA7081852326100921613 /* SBJson.h */ = {isa = PBXFileReference; fileEncoding = 4; lastKnownFileType = sourcecode.c.h; path = SBJson.h; sourceTree = "<group>"; };
		2ECAA7091852326100921613 /* SBJsonParser.h */ = {isa = PBXFileReference; fileEncoding = 4; lastKnownFileType = sourcecode.c.h; path = SBJsonParser.h; sourceTree = "<group>"; };
		2ECAA70A1852326100921613 /* SBJsonParser.m */ = {isa = PBXFileReference; fileEncoding = 4; lastKnownFileType = sourcecode.c.objc; path = SBJsonParser.m; sourceTree = "<group>"; };
		2ECAA70B1852326100921613 /* SBJsonStreamParser.h */ = {isa = PBXFileReference; fileEncoding = 4; lastKnownFileType = sourcecode.c.h; path = SBJsonStreamParser.h; sourceTree = "<group>"; };
		2ECAA70C1852326100921613 /* SBJsonStreamParser.m */ = {isa = PBXFileReference; fileEncoding = 4; lastKnownFileType = sourcecode.c.objc; path = SBJsonStreamParser.m; sourceTree = "<group>"; };
		2ECAA70D1852326100921613 /* SBJsonStreamParserAccumulator.h */ = {isa = PBXFileReference; fileEncoding = 4; lastKnownFileType = sourcecode.c.h; path = SBJsonStreamParserAccumulator.h; sourceTree = "<group>"; };
		2ECAA70E1852326100921613 /* SBJsonStreamParserAccumulator.m */ = {isa = PBXFileReference; fileEncoding = 4; lastKnownFileType = sourcecode.c.objc; path = SBJsonStreamParserAccumulator.m; sourceTree = "<group>"; };
		2ECAA70F1852326100921613 /* SBJsonStreamParserAdapter.h */ = {isa = PBXFileReference; fileEncoding = 4; lastKnownFileType = sourcecode.c.h; path = SBJsonStreamParserAdapter.h; sourceTree = "<group>"; };
		2ECAA7101852326100921613 /* SBJsonStreamParserAdapter.m */ = {isa = PBXFileReference; fileEncoding = 4; lastKnownFileType = sourcecode.c.objc; path = SBJsonStreamParserAdapter.m; sourceTree = "<group>"; };
		2ECAA7111852326100921613 /* SBJsonStreamParserState.h */ = {isa = PBXFileReference; fileEncoding = 4; lastKnownFileType = sourcecode.c.h; path = SBJsonStreamParserState.h; sourceTree = "<group>"; };
		2ECAA7121852326100921613 /* SBJsonStreamParserState.m */ = {isa = PBXFileReference; fileEncoding = 4; lastKnownFileType = sourcecode.c.objc; path = SBJsonStreamParserState.m; sourceTree = "<group>"; };
		2ECAA7131852326100921613 /* SBJsonStreamWriter.h */ = {isa = PBXFileReference; fileEncoding = 4; lastKnownFileType = sourcecode.c.h; path = SBJsonStreamWriter.h; sourceTree = "<group>"; };
		2ECAA7141852326100921613 /* SBJsonStreamWriter.m */ = {isa = PBXFileReference; fileEncoding = 4; lastKnownFileType = sourcecode.c.objc; path = SBJsonStreamWriter.m; sourceTree = "<group>"; };
		2ECAA7151852326100921613 /* SBJsonStreamWriterAccumulator.h */ = {isa = PBXFileReference; fileEncoding = 4; lastKnownFileType = sourcecode.c.h; path = SBJsonStreamWriterAccumulator.h; sourceTree = "<group>"; };
		2ECAA7161852326100921613 /* SBJsonStreamWriterAccumulator.m */ = {isa = PBXFileReference; fileEncoding = 4; lastKnownFileType = sourcecode.c.objc; path = SBJsonStreamWriterAccumulator.m; sourceTree = "<group>"; };
		2ECAA7171852326100921613 /* SBJsonStreamWriterState.h */ = {isa = PBXFileReference; fileEncoding = 4; lastKnownFileType = sourcecode.c.h; path = SBJsonStreamWriterState.h; sourceTree = "<group>"; };
		2ECAA7181852326100921613 /* SBJsonStreamWriterState.m */ = {isa = PBXFileReference; fileEncoding = 4; lastKnownFileType = sourcecode.c.objc; path = SBJsonStreamWriterState.m; sourceTree = "<group>"; };
		2ECAA7191852326100921613 /* SBJsonTokeniser.h */ = {isa = PBXFileReference; fileEncoding = 4; lastKnownFileType = sourcecode.c.h; path = SBJsonTokeniser.h; sourceTree = "<group>"; };
		2ECAA71A1852326100921613 /* SBJsonTokeniser.m */ = {isa = PBXFileReference; fileEncoding = 4; lastKnownFileType = sourcecode.c.objc; path = SBJsonTokeniser.m; sourceTree = "<group>"; };
		2ECAA71B1852326100921613 /* SBJsonUTF8Stream.h */ = {isa = PBXFileReference; fileEncoding = 4; lastKnownFileType = sourcecode.c.h; path = SBJsonUTF8Stream.h; sourceTree = "<group>"; };
		2ECAA71C1852326100921613 /* SBJsonUTF8Stream.m */ = {isa = PBXFileReference; fileEncoding = 4; lastKnownFileType = sourcecode.c.objc; path = SBJsonUTF8Stream.m; sourceTree = "<group>"; };
		2ECAA71D1852326100921613 /* SBJsonWriter.h */ = {isa = PBXFileReference; fileEncoding = 4; lastKnownFileType = sourcecode.c.h; path = SBJsonWriter.h; sourceTree = "<group>"; };
		2ECAA71E1852326100921613 /* SBJsonWriter.m */ = {isa = PBXFileReference; fileEncoding = 4; lastKnownFileType = sourcecode.c.objc; path = SBJsonWriter.m; sourceTree = "<group>"; };
		2ECAA72B18523E5500921613 /* PostileHttpHandler.h */ = {isa = PBXFileReference; fileEncoding = 4; lastKnownFileType = sourcecode.c.h; path = PostileHttpHandler.h; sourceTree = "<group>"; };
		2ECAA72C18523E5500921613 /* PostileHttpHandler.m */ = {isa = PBXFileReference; fileEncoding = 4; lastKnownFileType = sourcecode.c.objc; path = PostileHttpHandler.m; sourceTree = "<group>"; };
		2EFD9D7B1852C0B7000769B5 /* TopicListViewController.h */ = {isa = PBXFileReference; fileEncoding = 4; lastKnownFileType = sourcecode.c.h; name = TopicListViewController.h; path = ../TopicListViewController.h; sourceTree = "<group>"; };
		2EFD9D7C1852C0B7000769B5 /* TopicListViewController.m */ = {isa = PBXFileReference; fileEncoding = 4; lastKnownFileType = sourcecode.c.objc; name = TopicListViewController.m; path = ../TopicListViewController.m; sourceTree = "<group>"; };
		2EFD9D7E1852F7EC000769B5 /* TopicListCell.xib */ = {isa = PBXFileReference; fileEncoding = 4; lastKnownFileType = file.xib; name = TopicListCell.xib; path = ../TopicListCell.xib; sourceTree = "<group>"; };
/* End PBXFileReference section */

/* Begin PBXFrameworksBuildPhase section */
		2E5C9E481844D646001EF173 /* Frameworks */ = {
			isa = PBXFrameworksBuildPhase;
			buildActionMask = 2147483647;
			files = (
				2E5C9E511844D646001EF173 /* CoreGraphics.framework in Frameworks */,
				2E5C9E531844D646001EF173 /* UIKit.framework in Frameworks */,
				2E5C9E4F1844D646001EF173 /* Foundation.framework in Frameworks */,
			);
			runOnlyForDeploymentPostprocessing = 0;
		};
		2E5C9E6C1844D646001EF173 /* Frameworks */ = {
			isa = PBXFrameworksBuildPhase;
			buildActionMask = 2147483647;
			files = (
				2E5C9E711844D646001EF173 /* XCTest.framework in Frameworks */,
				2E5C9E731844D646001EF173 /* UIKit.framework in Frameworks */,
				2E5C9E721844D646001EF173 /* Foundation.framework in Frameworks */,
			);
			runOnlyForDeploymentPostprocessing = 0;
		};
/* End PBXFrameworksBuildPhase section */

/* Begin PBXGroup section */
		2E5C9E421844D646001EF173 = {
			isa = PBXGroup;
			children = (
				2E5C9E541844D646001EF173 /* iOSLearn */,
				2E5C9E761844D646001EF173 /* iOSLearnTests */,
				2E5C9E4D1844D646001EF173 /* Frameworks */,
				2E5C9E4C1844D646001EF173 /* Products */,
			);
			sourceTree = "<group>";
		};
		2E5C9E4C1844D646001EF173 /* Products */ = {
			isa = PBXGroup;
			children = (
				2E5C9E4B1844D646001EF173 /* iOSLearn.app */,
				2E5C9E6F1844D646001EF173 /* iOSLearnTests.xctest */,
			);
			name = Products;
			sourceTree = "<group>";
		};
		2E5C9E4D1844D646001EF173 /* Frameworks */ = {
			isa = PBXGroup;
			children = (
				2E5C9E4E1844D646001EF173 /* Foundation.framework */,
				2E5C9E501844D646001EF173 /* CoreGraphics.framework */,
				2E5C9E521844D646001EF173 /* UIKit.framework */,
				2E5C9E701844D646001EF173 /* XCTest.framework */,
			);
			name = Frameworks;
			sourceTree = "<group>";
		};
		2E5C9E541844D646001EF173 /* iOSLearn */ = {
			isa = PBXGroup;
			children = (
				2EFD9D7E1852F7EC000769B5 /* TopicListCell.xib */,
				2E5641AA1852F8D400B53E40 /* TopicListCell.h */,
				2E5641AB1852F8D400B53E40 /* TopicListCell.m */,
				2EFD9D7B1852C0B7000769B5 /* TopicListViewController.h */,
				2EFD9D7C1852C0B7000769B5 /* TopicListViewController.m */,
				2ECAA72B18523E5500921613 /* PostileHttpHandler.h */,
				2ECAA72C18523E5500921613 /* PostileHttpHandler.m */,
				2ECAA7051852326100921613 /* Classes */,
				2E5C9E5D1844D646001EF173 /* AppDelegate.h */,
				2E5C9E5E1844D646001EF173 /* AppDelegate.m */,
				2E5C9E601844D646001EF173 /* Main_iPhone.storyboard */,
				2E8DC53B18530AE60069F16C /* TopicCollectionView.h */,
				2E8DC53C18530AE60069F16C /* TopicCollectionView.m */,
				2E5C9E631844D646001EF173 /* Main_iPad.storyboard */,
				2E5C9E661844D646001EF173 /* ViewController.h */,
				2E5C9E671844D646001EF173 /* ViewController.m */,
				2E5C9E691844D646001EF173 /* Images.xcassets */,
				2E5C9E551844D646001EF173 /* Supporting Files */,
			);
			path = iOSLearn;
			sourceTree = "<group>";
		};
		2E5C9E551844D646001EF173 /* Supporting Files */ = {
			isa = PBXGroup;
			children = (
				2E5C9E561844D646001EF173 /* iOSLearn-Info.plist */,
				2E5C9E571844D646001EF173 /* InfoPlist.strings */,
				2E5C9E5A1844D646001EF173 /* main.m */,
				2E5C9E5C1844D646001EF173 /* iOSLearn-Prefix.pch */,
			);
			name = "Supporting Files";
			sourceTree = "<group>";
		};
		2E5C9E761844D646001EF173 /* iOSLearnTests */ = {
			isa = PBXGroup;
			children = (
				2E5C9E7C1844D646001EF173 /* iOSLearnTests.m */,
				2E5C9E771844D646001EF173 /* Supporting Files */,
			);
			path = iOSLearnTests;
			sourceTree = "<group>";
		};
		2E5C9E771844D646001EF173 /* Supporting Files */ = {
			isa = PBXGroup;
			children = (
				2E5C9E781844D646001EF173 /* iOSLearnTests-Info.plist */,
				2E5C9E791844D646001EF173 /* InfoPlist.strings */,
			);
			name = "Supporting Files";
			sourceTree = "<group>";
		};
		2ECAA7051852326100921613 /* Classes */ = {
			isa = PBXGroup;
			children = (
				2ECAA7061852326100921613 /* NSObject+SBJson.h */,
				2ECAA7071852326100921613 /* NSObject+SBJson.m */,
				2ECAA7081852326100921613 /* SBJson.h */,
				2ECAA7091852326100921613 /* SBJsonParser.h */,
				2ECAA70A1852326100921613 /* SBJsonParser.m */,
				2ECAA70B1852326100921613 /* SBJsonStreamParser.h */,
				2ECAA70C1852326100921613 /* SBJsonStreamParser.m */,
				2ECAA70D1852326100921613 /* SBJsonStreamParserAccumulator.h */,
				2ECAA70E1852326100921613 /* SBJsonStreamParserAccumulator.m */,
				2ECAA70F1852326100921613 /* SBJsonStreamParserAdapter.h */,
				2ECAA7101852326100921613 /* SBJsonStreamParserAdapter.m */,
				2ECAA7111852326100921613 /* SBJsonStreamParserState.h */,
				2ECAA7121852326100921613 /* SBJsonStreamParserState.m */,
				2ECAA7131852326100921613 /* SBJsonStreamWriter.h */,
				2ECAA7141852326100921613 /* SBJsonStreamWriter.m */,
				2ECAA7151852326100921613 /* SBJsonStreamWriterAccumulator.h */,
				2ECAA7161852326100921613 /* SBJsonStreamWriterAccumulator.m */,
				2ECAA7171852326100921613 /* SBJsonStreamWriterState.h */,
				2ECAA7181852326100921613 /* SBJsonStreamWriterState.m */,
				2ECAA7191852326100921613 /* SBJsonTokeniser.h */,
				2ECAA71A1852326100921613 /* SBJsonTokeniser.m */,
				2ECAA71B1852326100921613 /* SBJsonUTF8Stream.h */,
				2ECAA71C1852326100921613 /* SBJsonUTF8Stream.m */,
				2ECAA71D1852326100921613 /* SBJsonWriter.h */,
				2ECAA71E1852326100921613 /* SBJsonWriter.m */,
			);
			path = Classes;
			sourceTree = "<group>";
		};
/* End PBXGroup section */

/* Begin PBXNativeTarget section */
		2E5C9E4A1844D646001EF173 /* iOSLearn */ = {
			isa = PBXNativeTarget;
			buildConfigurationList = 2E5C9E801844D646001EF173 /* Build configuration list for PBXNativeTarget "iOSLearn" */;
			buildPhases = (
				2E5C9E471844D646001EF173 /* Sources */,
				2E5C9E481844D646001EF173 /* Frameworks */,
				2E5C9E491844D646001EF173 /* Resources */,
			);
			buildRules = (
			);
			dependencies = (
			);
			name = iOSLearn;
			productName = iOSLearn;
			productReference = 2E5C9E4B1844D646001EF173 /* iOSLearn.app */;
			productType = "com.apple.product-type.application";
		};
		2E5C9E6E1844D646001EF173 /* iOSLearnTests */ = {
			isa = PBXNativeTarget;
			buildConfigurationList = 2E5C9E831844D646001EF173 /* Build configuration list for PBXNativeTarget "iOSLearnTests" */;
			buildPhases = (
				2E5C9E6B1844D646001EF173 /* Sources */,
				2E5C9E6C1844D646001EF173 /* Frameworks */,
				2E5C9E6D1844D646001EF173 /* Resources */,
			);
			buildRules = (
			);
			dependencies = (
				2E5C9E751844D646001EF173 /* PBXTargetDependency */,
			);
			name = iOSLearnTests;
			productName = iOSLearnTests;
			productReference = 2E5C9E6F1844D646001EF173 /* iOSLearnTests.xctest */;
			productType = "com.apple.product-type.bundle.unit-test";
		};
/* End PBXNativeTarget section */

/* Begin PBXProject section */
		2E5C9E431844D646001EF173 /* Project object */ = {
			isa = PBXProject;
			attributes = {
				LastUpgradeCheck = 0500;
				ORGANIZATIONNAME = "Guanlun Zhao";
				TargetAttributes = {
					2E5C9E6E1844D646001EF173 = {
						TestTargetID = 2E5C9E4A1844D646001EF173;
					};
				};
			};
			buildConfigurationList = 2E5C9E461844D646001EF173 /* Build configuration list for PBXProject "iOSLearn" */;
			compatibilityVersion = "Xcode 3.2";
			developmentRegion = English;
			hasScannedForEncodings = 0;
			knownRegions = (
				en,
				Base,
			);
			mainGroup = 2E5C9E421844D646001EF173;
			productRefGroup = 2E5C9E4C1844D646001EF173 /* Products */;
			projectDirPath = "";
			projectRoot = "";
			targets = (
				2E5C9E4A1844D646001EF173 /* iOSLearn */,
				2E5C9E6E1844D646001EF173 /* iOSLearnTests */,
			);
		};
/* End PBXProject section */

/* Begin PBXResourcesBuildPhase section */
		2E5C9E491844D646001EF173 /* Resources */ = {
			isa = PBXResourcesBuildPhase;
			buildActionMask = 2147483647;
			files = (
				2E5C9E651844D646001EF173 /* Main_iPad.storyboard in Resources */,
				2E5C9E6A1844D646001EF173 /* Images.xcassets in Resources */,
				2E5C9E621844D646001EF173 /* Main_iPhone.storyboard in Resources */,
				2E5C9E591844D646001EF173 /* InfoPlist.strings in Resources */,
				2EFD9D7F1852F7EC000769B5 /* TopicListCell.xib in Resources */,
			);
			runOnlyForDeploymentPostprocessing = 0;
		};
		2E5C9E6D1844D646001EF173 /* Resources */ = {
			isa = PBXResourcesBuildPhase;
			buildActionMask = 2147483647;
			files = (
				2E5C9E7B1844D646001EF173 /* InfoPlist.strings in Resources */,
			);
			runOnlyForDeploymentPostprocessing = 0;
		};
/* End PBXResourcesBuildPhase section */

/* Begin PBXSourcesBuildPhase section */
		2E5C9E471844D646001EF173 /* Sources */ = {
			isa = PBXSourcesBuildPhase;
			buildActionMask = 2147483647;
			files = (
				2EFD9D7D1852C0B7000769B5 /* TopicListViewController.m in Sources */,
				2ECAA72A1852326100921613 /* SBJsonWriter.m in Sources */,
				2ECAA72D18523E5500921613 /* PostileHttpHandler.m in Sources */,
				2ECAA7251852326100921613 /* SBJsonStreamWriter.m in Sources */,
				2ECAA7281852326100921613 /* SBJsonTokeniser.m in Sources */,
				2E5641AC1852F8D400B53E40 /* TopicListCell.m in Sources */,
				2ECAA7261852326100921613 /* SBJsonStreamWriterAccumulator.m in Sources */,
				2ECAA7241852326100921613 /* SBJsonStreamParserState.m in Sources */,
				2ECAA7201852326100921613 /* SBJsonParser.m in Sources */,
				2ECAA7221852326100921613 /* SBJsonStreamParserAccumulator.m in Sources */,
				2ECAA7271852326100921613 /* SBJsonStreamWriterState.m in Sources */,
				2E5C9E681844D646001EF173 /* ViewController.m in Sources */,
				2E5C9E5F1844D646001EF173 /* AppDelegate.m in Sources */,
				2E8DC53D18530AE60069F16C /* TopicCollectionView.m in Sources */,
				2ECAA7291852326100921613 /* SBJsonUTF8Stream.m in Sources */,
				2ECAA7211852326100921613 /* SBJsonStreamParser.m in Sources */,
				2ECAA71F1852326100921613 /* NSObject+SBJson.m in Sources */,
				2E5C9E5B1844D646001EF173 /* main.m in Sources */,
				2ECAA7231852326100921613 /* SBJsonStreamParserAdapter.m in Sources */,
			);
			runOnlyForDeploymentPostprocessing = 0;
		};
		2E5C9E6B1844D646001EF173 /* Sources */ = {
			isa = PBXSourcesBuildPhase;
			buildActionMask = 2147483647;
			files = (
				2E5C9E7D1844D646001EF173 /* iOSLearnTests.m in Sources */,
			);
			runOnlyForDeploymentPostprocessing = 0;
		};
/* End PBXSourcesBuildPhase section */

/* Begin PBXTargetDependency section */
		2E5C9E751844D646001EF173 /* PBXTargetDependency */ = {
			isa = PBXTargetDependency;
			target = 2E5C9E4A1844D646001EF173 /* iOSLearn */;
			targetProxy = 2E5C9E741844D646001EF173 /* PBXContainerItemProxy */;
		};
/* End PBXTargetDependency section */

/* Begin PBXVariantGroup section */
		2E5C9E571844D646001EF173 /* InfoPlist.strings */ = {
			isa = PBXVariantGroup;
			children = (
				2E5C9E581844D646001EF173 /* en */,
			);
			name = InfoPlist.strings;
			sourceTree = "<group>";
		};
		2E5C9E601844D646001EF173 /* Main_iPhone.storyboard */ = {
			isa = PBXVariantGroup;
			children = (
				2E5C9E611844D646001EF173 /* Base */,
			);
			name = Main_iPhone.storyboard;
			sourceTree = "<group>";
		};
		2E5C9E631844D646001EF173 /* Main_iPad.storyboard */ = {
			isa = PBXVariantGroup;
			children = (
				2E5C9E641844D646001EF173 /* Base */,
			);
			name = Main_iPad.storyboard;
			sourceTree = "<group>";
		};
		2E5C9E791844D646001EF173 /* InfoPlist.strings */ = {
			isa = PBXVariantGroup;
			children = (
				2E5C9E7A1844D646001EF173 /* en */,
			);
			name = InfoPlist.strings;
			sourceTree = "<group>";
		};
/* End PBXVariantGroup section */

/* Begin XCBuildConfiguration section */
		2E5C9E7E1844D646001EF173 /* Debug */ = {
			isa = XCBuildConfiguration;
			buildSettings = {
				ALWAYS_SEARCH_USER_PATHS = NO;
				ARCHS = "$(ARCHS_STANDARD_INCLUDING_64_BIT)";
				CLANG_CXX_LANGUAGE_STANDARD = "gnu++0x";
				CLANG_CXX_LIBRARY = "libc++";
				CLANG_ENABLE_MODULES = YES;
				CLANG_ENABLE_OBJC_ARC = YES;
				CLANG_WARN_BOOL_CONVERSION = YES;
				CLANG_WARN_CONSTANT_CONVERSION = YES;
				CLANG_WARN_DIRECT_OBJC_ISA_USAGE = YES_ERROR;
				CLANG_WARN_EMPTY_BODY = YES;
				CLANG_WARN_ENUM_CONVERSION = YES;
				CLANG_WARN_INT_CONVERSION = YES;
				CLANG_WARN_OBJC_ROOT_CLASS = YES_ERROR;
				CLANG_WARN__DUPLICATE_METHOD_MATCH = YES;
				"CODE_SIGN_IDENTITY[sdk=iphoneos*]" = "iPhone Developer";
				COPY_PHASE_STRIP = NO;
				GCC_C_LANGUAGE_STANDARD = gnu99;
				GCC_DYNAMIC_NO_PIC = NO;
				GCC_OPTIMIZATION_LEVEL = 0;
				GCC_PREPROCESSOR_DEFINITIONS = (
					"DEBUG=1",
					"$(inherited)",
				);
				GCC_SYMBOLS_PRIVATE_EXTERN = NO;
				GCC_WARN_64_TO_32_BIT_CONVERSION = YES;
				GCC_WARN_ABOUT_RETURN_TYPE = YES_ERROR;
				GCC_WARN_UNDECLARED_SELECTOR = YES;
				GCC_WARN_UNINITIALIZED_AUTOS = YES;
				GCC_WARN_UNUSED_FUNCTION = YES;
				GCC_WARN_UNUSED_VARIABLE = YES;
				IPHONEOS_DEPLOYMENT_TARGET = 7.0;
				ONLY_ACTIVE_ARCH = YES;
				SDKROOT = iphoneos;
				TARGETED_DEVICE_FAMILY = "1,2";
			};
			name = Debug;
		};
		2E5C9E7F1844D646001EF173 /* Release */ = {
			isa = XCBuildConfiguration;
			buildSettings = {
				ALWAYS_SEARCH_USER_PATHS = NO;
				ARCHS = "$(ARCHS_STANDARD_INCLUDING_64_BIT)";
				CLANG_CXX_LANGUAGE_STANDARD = "gnu++0x";
				CLANG_CXX_LIBRARY = "libc++";
				CLANG_ENABLE_MODULES = YES;
				CLANG_ENABLE_OBJC_ARC = YES;
				CLANG_WARN_BOOL_CONVERSION = YES;
				CLANG_WARN_CONSTANT_CONVERSION = YES;
				CLANG_WARN_DIRECT_OBJC_ISA_USAGE = YES_ERROR;
				CLANG_WARN_EMPTY_BODY = YES;
				CLANG_WARN_ENUM_CONVERSION = YES;
				CLANG_WARN_INT_CONVERSION = YES;
				CLANG_WARN_OBJC_ROOT_CLASS = YES_ERROR;
				CLANG_WARN__DUPLICATE_METHOD_MATCH = YES;
				"CODE_SIGN_IDENTITY[sdk=iphoneos*]" = "iPhone Developer";
				COPY_PHASE_STRIP = YES;
				ENABLE_NS_ASSERTIONS = NO;
				GCC_C_LANGUAGE_STANDARD = gnu99;
				GCC_WARN_64_TO_32_BIT_CONVERSION = YES;
				GCC_WARN_ABOUT_RETURN_TYPE = YES_ERROR;
				GCC_WARN_UNDECLARED_SELECTOR = YES;
				GCC_WARN_UNINITIALIZED_AUTOS = YES;
				GCC_WARN_UNUSED_FUNCTION = YES;
				GCC_WARN_UNUSED_VARIABLE = YES;
				IPHONEOS_DEPLOYMENT_TARGET = 7.0;
				SDKROOT = iphoneos;
				TARGETED_DEVICE_FAMILY = "1,2";
				VALIDATE_PRODUCT = YES;
			};
			name = Release;
		};
		2E5C9E811844D646001EF173 /* Debug */ = {
			isa = XCBuildConfiguration;
			buildSettings = {
				ASSETCATALOG_COMPILER_APPICON_NAME = AppIcon;
				ASSETCATALOG_COMPILER_LAUNCHIMAGE_NAME = LaunchImage;
				GCC_PRECOMPILE_PREFIX_HEADER = YES;
				GCC_PREFIX_HEADER = "iOSLearn/iOSLearn-Prefix.pch";
				INFOPLIST_FILE = "iOSLearn/iOSLearn-Info.plist";
				PRODUCT_NAME = "$(TARGET_NAME)";
				WRAPPER_EXTENSION = app;
			};
			name = Debug;
		};
		2E5C9E821844D646001EF173 /* Release */ = {
			isa = XCBuildConfiguration;
			buildSettings = {
				ASSETCATALOG_COMPILER_APPICON_NAME = AppIcon;
				ASSETCATALOG_COMPILER_LAUNCHIMAGE_NAME = LaunchImage;
				GCC_PRECOMPILE_PREFIX_HEADER = YES;
				GCC_PREFIX_HEADER = "iOSLearn/iOSLearn-Prefix.pch";
				INFOPLIST_FILE = "iOSLearn/iOSLearn-Info.plist";
				PRODUCT_NAME = "$(TARGET_NAME)";
				WRAPPER_EXTENSION = app;
			};
			name = Release;
		};
		2E5C9E841844D646001EF173 /* Debug */ = {
			isa = XCBuildConfiguration;
			buildSettings = {
				ARCHS = "$(ARCHS_STANDARD_INCLUDING_64_BIT)";
				BUNDLE_LOADER = "$(BUILT_PRODUCTS_DIR)/iOSLearn.app/iOSLearn";
				FRAMEWORK_SEARCH_PATHS = (
					"$(SDKROOT)/Developer/Library/Frameworks",
					"$(inherited)",
					"$(DEVELOPER_FRAMEWORKS_DIR)",
				);
				GCC_PRECOMPILE_PREFIX_HEADER = YES;
				GCC_PREFIX_HEADER = "iOSLearn/iOSLearn-Prefix.pch";
				GCC_PREPROCESSOR_DEFINITIONS = (
					"DEBUG=1",
					"$(inherited)",
				);
				INFOPLIST_FILE = "iOSLearnTests/iOSLearnTests-Info.plist";
				PRODUCT_NAME = "$(TARGET_NAME)";
				TEST_HOST = "$(BUNDLE_LOADER)";
				WRAPPER_EXTENSION = xctest;
			};
			name = Debug;
		};
		2E5C9E851844D646001EF173 /* Release */ = {
			isa = XCBuildConfiguration;
			buildSettings = {
				ARCHS = "$(ARCHS_STANDARD_INCLUDING_64_BIT)";
				BUNDLE_LOADER = "$(BUILT_PRODUCTS_DIR)/iOSLearn.app/iOSLearn";
				FRAMEWORK_SEARCH_PATHS = (
					"$(SDKROOT)/Developer/Library/Frameworks",
					"$(inherited)",
					"$(DEVELOPER_FRAMEWORKS_DIR)",
				);
				GCC_PRECOMPILE_PREFIX_HEADER = YES;
				GCC_PREFIX_HEADER = "iOSLearn/iOSLearn-Prefix.pch";
				INFOPLIST_FILE = "iOSLearnTests/iOSLearnTests-Info.plist";
				PRODUCT_NAME = "$(TARGET_NAME)";
				TEST_HOST = "$(BUNDLE_LOADER)";
				WRAPPER_EXTENSION = xctest;
			};
			name = Release;
		};
/* End XCBuildConfiguration section */

/* Begin XCConfigurationList section */
		2E5C9E461844D646001EF173 /* Build configuration list for PBXProject "iOSLearn" */ = {
			isa = XCConfigurationList;
			buildConfigurations = (
				2E5C9E7E1844D646001EF173 /* Debug */,
				2E5C9E7F1844D646001EF173 /* Release */,
			);
			defaultConfigurationIsVisible = 0;
			defaultConfigurationName = Release;
		};
		2E5C9E801844D646001EF173 /* Build configuration list for PBXNativeTarget "iOSLearn" */ = {
			isa = XCConfigurationList;
			buildConfigurations = (
				2E5C9E811844D646001EF173 /* Debug */,
				2E5C9E821844D646001EF173 /* Release */,
			);
			defaultConfigurationIsVisible = 0;
			defaultConfigurationName = Release;
		};
		2E5C9E831844D646001EF173 /* Build configuration list for PBXNativeTarget "iOSLearnTests" */ = {
			isa = XCConfigurationList;
			buildConfigurations = (
				2E5C9E841844D646001EF173 /* Debug */,
				2E5C9E851844D646001EF173 /* Release */,
			);
			defaultConfigurationIsVisible = 0;
			defaultConfigurationName = Release;
		};
/* End XCConfigurationList section */
	};
	rootObject = 2E5C9E431844D646001EF173 /* Project object */;
}
